
Microsoft Visual Studio Solution File, Format Version 12.00
# Visual Studio 15
VisualStudioVersion = 15.0.26124.0
MinimumVisualStudioVersion = 15.0.26124.0
Project("{FAE04EC0-301F-11D3-BF4B-00C04F79EFBC}") = "EventSourcing", "EventSourcing\EventSourcing.csproj", "{94E682CC-B1B2-4076-8223-65D7C6DA00D8}"
EndProject
Project("{FAE04EC0-301F-11D3-BF4B-00C04F79EFBC}") = "EventSourcing.Tests", "EventSourcing.Tests\EventSourcing.Tests.csproj", "{8B783E1C-C726-4B0B-BAA7-625D6803741C}"
EndProject
Project("{FAE04EC0-301F-11D3-BF4B-00C04F79EFBC}") = "ShoppingCart", "ShoppingCart\ShoppingCart.csproj", "{EAF0E05F-D7D2-4F88-81B6-9392B62A89C0}"
EndProject
Project("{FAE04EC0-301F-11D3-BF4B-00C04F79EFBC}") = "ShoppingCart.Tests", "ShoppingCart.Tests\ShoppingCart.Tests.csproj", "{26B0299D-D688-40F3-8384-619DF4BC9313}"
EndProject
Project("{FAE04EC0-301F-11D3-BF4B-00C04F79EFBC}") = "Kanban", "Kanban\Kanban.csproj", "{46D3696D-867A-4043-A988-DF111247E968}"
EndProject
Project("{FAE04EC0-301F-11D3-BF4B-00C04F79EFBC}") = "Kanban.Tests", "Kanban.Tests\Kanban.Tests.csproj", "{C79CF73D-57FF-490B-B457-17FE3B9583DC}"
EndProject
Project("{FAE04EC0-301F-11D3-BF4B-00C04F79EFBC}") = "SimpleUI", "SimpleUI\SimpleUI.csproj", "{A0996897-E879-447A-8BC9-005AB36401A7}"
EndProject
Global
	GlobalSection(SolutionConfigurationPlatforms) = preSolution
		Debug|Any CPU = Debug|Any CPU
		Debug|x64 = Debug|x64
		Debug|x86 = Debug|x86
		Release|Any CPU = Release|Any CPU
		Release|x64 = Release|x64
		Release|x86 = Release|x86
	EndGlobalSection
	GlobalSection(SolutionProperties) = preSolution
		HideSolutionNode = FALSE
	EndGlobalSection
	GlobalSection(ProjectConfigurationPlatforms) = postSolution
		{94E682CC-B1B2-4076-8223-65D7C6DA00D8}.Debug|Any CPU.ActiveCfg = Debug|Any CPU
		{94E682CC-B1B2-4076-8223-65D7C6DA00D8}.Debug|Any CPU.Build.0 = Debug|Any CPU
		{94E682CC-B1B2-4076-8223-65D7C6DA00D8}.Debug|x64.ActiveCfg = Debug|Any CPU
		{94E682CC-B1B2-4076-8223-65D7C6DA00D8}.Debug|x64.Build.0 = Debug|Any CPU
		{94E682CC-B1B2-4076-8223-65D7C6DA00D8}.Debug|x86.ActiveCfg = Debug|Any CPU
		{94E682CC-B1B2-4076-8223-65D7C6DA00D8}.Debug|x86.Build.0 = Debug|Any CPU
		{94E682CC-B1B2-4076-8223-65D7C6DA00D8}.Release|Any CPU.ActiveCfg = Release|Any CPU
		{94E682CC-B1B2-4076-8223-65D7C6DA00D8}.Release|Any CPU.Build.0 = Release|Any CPU
		{94E682CC-B1B2-4076-8223-65D7C6DA00D8}.Release|x64.ActiveCfg = Release|Any CPU
		{94E682CC-B1B2-4076-8223-65D7C6DA00D8}.Release|x64.Build.0 = Release|Any CPU
		{94E682CC-B1B2-4076-8223-65D7C6DA00D8}.Release|x86.ActiveCfg = Release|Any CPU
		{94E682CC-B1B2-4076-8223-65D7C6DA00D8}.Release|x86.Build.0 = Release|Any CPU
		{8B783E1C-C726-4B0B-BAA7-625D6803741C}.Debug|Any CPU.ActiveCfg = Debug|Any CPU
		{8B783E1C-C726-4B0B-BAA7-625D6803741C}.Debug|Any CPU.Build.0 = Debug|Any CPU
		{8B783E1C-C726-4B0B-BAA7-625D6803741C}.Debug|x64.ActiveCfg = Debug|Any CPU
		{8B783E1C-C726-4B0B-BAA7-625D6803741C}.Debug|x64.Build.0 = Debug|Any CPU
		{8B783E1C-C726-4B0B-BAA7-625D6803741C}.Debug|x86.ActiveCfg = Debug|Any CPU
		{8B783E1C-C726-4B0B-BAA7-625D6803741C}.Debug|x86.Build.0 = Debug|Any CPU
		{8B783E1C-C726-4B0B-BAA7-625D6803741C}.Release|Any CPU.ActiveCfg = Release|Any CPU
		{8B783E1C-C726-4B0B-BAA7-625D6803741C}.Release|Any CPU.Build.0 = Release|Any CPU
		{8B783E1C-C726-4B0B-BAA7-625D6803741C}.Release|x64.ActiveCfg = Release|Any CPU
		{8B783E1C-C726-4B0B-BAA7-625D6803741C}.Release|x64.Build.0 = Release|Any CPU
		{8B783E1C-C726-4B0B-BAA7-625D6803741C}.Release|x86.ActiveCfg = Release|Any CPU
		{8B783E1C-C726-4B0B-BAA7-625D6803741C}.Release|x86.Build.0 = Release|Any CPU
		{EAF0E05F-D7D2-4F88-81B6-9392B62A89C0}.Debug|Any CPU.ActiveCfg = Debug|Any CPU
		{EAF0E05F-D7D2-4F88-81B6-9392B62A89C0}.Debug|Any CPU.Build.0 = Debug|Any CPU
		{EAF0E05F-D7D2-4F88-81B6-9392B62A89C0}.Debug|x64.ActiveCfg = Debug|Any CPU
		{EAF0E05F-D7D2-4F88-81B6-9392B62A89C0}.Debug|x64.Build.0 = Debug|Any CPU
		{EAF0E05F-D7D2-4F88-81B6-9392B62A89C0}.Debug|x86.ActiveCfg = Debug|Any CPU
		{EAF0E05F-D7D2-4F88-81B6-9392B62A89C0}.Debug|x86.Build.0 = Debug|Any CPU
		{EAF0E05F-D7D2-4F88-81B6-9392B62A89C0}.Release|Any CPU.ActiveCfg = Release|Any CPU
		{EAF0E05F-D7D2-4F88-81B6-9392B62A89C0}.Release|Any CPU.Build.0 = Release|Any CPU
		{EAF0E05F-D7D2-4F88-81B6-9392B62A89C0}.Release|x64.ActiveCfg = Release|Any CPU
		{EAF0E05F-D7D2-4F88-81B6-9392B62A89C0}.Release|x64.Build.0 = Release|Any CPU
		{EAF0E05F-D7D2-4F88-81B6-9392B62A89C0}.Release|x86.ActiveCfg = Release|Any CPU
		{EAF0E05F-D7D2-4F88-81B6-9392B62A89C0}.Release|x86.Build.0 = Release|Any CPU
		{26B0299D-D688-40F3-8384-619DF4BC9313}.Debug|Any CPU.ActiveCfg = Debug|Any CPU
		{26B0299D-D688-40F3-8384-619DF4BC9313}.Debug|Any CPU.Build.0 = Debug|Any CPU
		{26B0299D-D688-40F3-8384-619DF4BC9313}.Debug|x64.ActiveCfg = Debug|Any CPU
		{26B0299D-D688-40F3-8384-619DF4BC9313}.Debug|x64.Build.0 = Debug|Any CPU
		{26B0299D-D688-40F3-8384-619DF4BC9313}.Debug|x86.ActiveCfg = Debug|Any CPU
		{26B0299D-D688-40F3-8384-619DF4BC9313}.Debug|x86.Build.0 = Debug|Any CPU
		{26B0299D-D688-40F3-8384-619DF4BC9313}.Release|Any CPU.ActiveCfg = Release|Any CPU
		{26B0299D-D688-40F3-8384-619DF4BC9313}.Release|Any CPU.Build.0 = Release|Any CPU
		{26B0299D-D688-40F3-8384-619DF4BC9313}.Release|x64.ActiveCfg = Release|Any CPU
		{26B0299D-D688-40F3-8384-619DF4BC9313}.Release|x64.Build.0 = Release|Any CPU
		{26B0299D-D688-40F3-8384-619DF4BC9313}.Release|x86.ActiveCfg = Release|Any CPU
		{26B0299D-D688-40F3-8384-619DF4BC9313}.Release|x86.Build.0 = Release|Any CPU
		{46D3696D-867A-4043-A988-DF111247E968}.Debug|Any CPU.ActiveCfg = Debug|Any CPU
		{46D3696D-867A-4043-A988-DF111247E968}.Debug|Any CPU.Build.0 = Debug|Any CPU
		{46D3696D-867A-4043-A988-DF111247E968}.Debug|x64.ActiveCfg = Debug|Any CPU
		{46D3696D-867A-4043-A988-DF111247E968}.Debug|x64.Build.0 = Debug|Any CPU
		{46D3696D-867A-4043-A988-DF111247E968}.Debug|x86.ActiveCfg = Debug|Any CPU
		{46D3696D-867A-4043-A988-DF111247E968}.Debug|x86.Build.0 = Debug|Any CPU
		{46D3696D-867A-4043-A988-DF111247E968}.Release|Any CPU.ActiveCfg = Release|Any CPU
		{46D3696D-867A-4043-A988-DF111247E968}.Release|Any CPU.Build.0 = Release|Any CPU
		{46D3696D-867A-4043-A988-DF111247E968}.Release|x64.ActiveCfg = Release|Any CPU
		{46D3696D-867A-4043-A988-DF111247E968}.Release|x64.Build.0 = Release|Any CPU
		{46D3696D-867A-4043-A988-DF111247E968}.Release|x86.ActiveCfg = Release|Any CPU
		{46D3696D-867A-4043-A988-DF111247E968}.Release|x86.Build.0 = Release|Any CPU
		{C79CF73D-57FF-490B-B457-17FE3B9583DC}.Debug|Any CPU.ActiveCfg = Debug|Any CPU
		{C79CF73D-57FF-490B-B457-17FE3B9583DC}.Debug|Any CPU.Build.0 = Debug|Any CPU
		{C79CF73D-57FF-490B-B457-17FE3B9583DC}.Debug|x64.ActiveCfg = Debug|Any CPU
		{C79CF73D-57FF-490B-B457-17FE3B9583DC}.Debug|x64.Build.0 = Debug|Any CPU
		{C79CF73D-57FF-490B-B457-17FE3B9583DC}.Debug|x86.ActiveCfg = Debug|Any CPU
		{C79CF73D-57FF-490B-B457-17FE3B9583DC}.Debug|x86.Build.0 = Debug|Any CPU
		{C79CF73D-57FF-490B-B457-17FE3B9583DC}.Release|Any CPU.ActiveCfg = Release|Any CPU
		{C79CF73D-57FF-490B-B457-17FE3B9583DC}.Release|Any CPU.Build.0 = Release|Any CPU
		{C79CF73D-57FF-490B-B457-17FE3B9583DC}.Release|x64.ActiveCfg = Release|Any CPU
		{C79CF73D-57FF-490B-B457-17FE3B9583DC}.Release|x64.Build.0 = Release|Any CPU
		{C79CF73D-57FF-490B-B457-17FE3B9583DC}.Release|x86.ActiveCfg = Release|Any CPU
		{C79CF73D-57FF-490B-B457-17FE3B9583DC}.Release|x86.Build.0 = Release|Any CPU
		{A0996897-E879-447A-8BC9-005AB36401A7}.Debug|Any CPU.ActiveCfg = Debug|Any CPU
		{A0996897-E879-447A-8BC9-005AB36401A7}.Debug|Any CPU.Build.0 = Debug|Any CPU
		{A0996897-E879-447A-8BC9-005AB36401A7}.Debug|x64.ActiveCfg = Debug|Any CPU
		{A0996897-E879-447A-8BC9-005AB36401A7}.Debug|x64.Build.0 = Debug|Any CPU
		{A0996897-E879-447A-8BC9-005AB36401A7}.Debug|x86.ActiveCfg = Debug|Any CPU
		{A0996897-E879-447A-8BC9-005AB36401A7}.Debug|x86.Build.0 = Debug|Any CPU
		{A0996897-E879-447A-8BC9-005AB36401A7}.Release|Any CPU.ActiveCfg = Release|Any CPU
		{A0996897-E879-447A-8BC9-005AB36401A7}.Release|Any CPU.Build.0 = Release|Any CPU
		{A0996897-E879-447A-8BC9-005AB36401A7}.Release|x64.ActiveCfg = Release|Any CPU
		{A0996897-E879-447A-8BC9-005AB36401A7}.Release|x64.Build.0 = Release|Any CPU
		{A0996897-E879-447A-8BC9-005AB36401A7}.Release|x86.ActiveCfg = Release|Any CPU
		{A0996897-E879-447A-8BC9-005AB36401A7}.Release|x86.Build.0 = Release|Any CPU
	EndGlobalSection
EndGlobal
